
Microsoft Visual Studio Solution File, Format Version 12.00
# Visual Studio 15
VisualStudioVersion = 15.0.28306.52
MinimumVisualStudioVersion = 10.0.40219.1
Project("{FAE04EC0-301F-11D3-BF4B-00C04F79EFBC}") = "ConwaysGameOfLife", "ConwaysGameOfLife\ConwaysGameOfLife.csproj", "{DBC8DA6C-599E-4779-8A84-E35A83750615}"
EndProject
Global
	GlobalSection(SolutionConfigurationPlatforms) = preSolution
		Debug|Any CPU = Debug|Any CPU
		Release|Any CPU = Release|Any CPU
	EndGlobalSection
	GlobalSection(ProjectConfigurationPlatforms) = postSolution
		{DBC8DA6C-599E-4779-8A84-E35A83750615}.Debug|Any CPU.ActiveCfg = Debug|Any CPU
		{DBC8DA6C-599E-4779-8A84-E35A83750615}.Debug|Any CPU.Build.0 = Debug|Any CPU
		{DBC8DA6C-599E-4779-8A84-E35A83750615}.Release|Any CPU.ActiveCfg = Release|Any CPU
		{DBC8DA6C-599E-4779-8A84-E35A83750615}.Release|Any CPU.Build.0 = Release|Any CPU
	EndGlobalSection
	GlobalSection(SolutionProperties) = preSolution
		HideSolutionNode = FALSE
	EndGlobalSection
	GlobalSection(ExtensibilityGlobals) = postSolution
		SolutionGuid = {066A779C-BF5B-4A83-A345-FD865883620D}
	EndGlobalSection
EndGlobal
